
Microsoft Visual Studio Solution File, Format Version 12.00
# Visual Studio Version 16
VisualStudioVersion = 16.0.32002.261
MinimumVisualStudioVersion = 10.0.40219.1
Project("{FAE04EC0-301F-11D3-BF4B-00C04F79EFBC}") = "RentACarDemo", "RentACarDemo\RentACarDemo.csproj", "{9DDFE6E6-9F51-431D-B9C7-B9316692EF21}"
EndProject
Global
	GlobalSection(SolutionConfigurationPlatforms) = preSolution
		Debug|Any CPU = Debug|Any CPU
		Release|Any CPU = Release|Any CPU
	EndGlobalSection
	GlobalSection(ProjectConfigurationPlatforms) = postSolution
		{9DDFE6E6-9F51-431D-B9C7-B9316692EF21}.Debug|Any CPU.ActiveCfg = Debug|Any CPU
		{9DDFE6E6-9F51-431D-B9C7-B9316692EF21}.Debug|Any CPU.Build.0 = Debug|Any CPU
		{9DDFE6E6-9F51-431D-B9C7-B9316692EF21}.Release|Any CPU.ActiveCfg = Release|Any CPU
		{9DDFE6E6-9F51-431D-B9C7-B9316692EF21}.Release|Any CPU.Build.0 = Release|Any CPU
	EndGlobalSection
	GlobalSection(SolutionProperties) = preSolution
		HideSolutionNode = FALSE
	EndGlobalSection
	GlobalSection(ExtensibilityGlobals) = postSolution
		SolutionGuid = {A1E847E2-81E8-4D07-B989-FEFF485540DA}
	EndGlobalSection
EndGlobal
